{
  "version": 4,
  "terraform_version": "1.11.3",
  "serial": 271,
  "lineage": "b6b051d7-3a2f-0b8c-a983-183d4a627587",
  "outputs": {
    "iis_url": {
      "value": null,
      "type": "string"
    },
    "windows_vm_private_ip": {
      "value": null,
      "type": "string"
    },
    "windows_vm_public_ip": {
      "value": null,
      "type": "string"
    }
  },
  "resources": [
    {
      "module": "module.windows_vm[0]",
      "mode": "managed",
      "type": "azurerm_resource_group",
      "name": "this",
      "provider": "provider[\"registry.terraform.io/hashicorp/azurerm\"]",
      "instances": [
        {
          "schema_version": 0,
          "attributes": {
            "id": "/subscriptions/894b3de8-c74a-4759-9639-ebaae15d2a48/resourceGroups/terraform-resources",
            "location": "eastasia",
            "managed_by": "",
            "name": "terraform-resources",
            "tags": {},
            "timeouts": null
          },
          "sensitive_attributes": [],
          "private": "eyJlMmJmYjczMC1lY2FhLTExZTYtOGY4OC0zNDM2M2JjN2M0YzAiOnsiY3JlYXRlIjo1NDAwMDAwMDAwMDAwLCJkZWxldGUiOjU0MDAwMDAwMDAwMDAsInJlYWQiOjMwMDAwMDAwMDAwMCwidXBkYXRlIjo1NDAwMDAwMDAwMDAwfSwic2NoZW1hX3ZlcnNpb24iOiIwIn0="
        }
      ]
    }
  ],
  "check_results": null
}
