{
  "version": 4,
  "terraform_version": "1.11.3",
  "serial": 255,
  "lineage": "b6b051d7-3a2f-0b8c-a983-183d4a627587",
  "outputs": {
    "linux_vm_private_ip": {
      "value": "10.0.1.4",
      "type": "string"
    },
    "linux_vm_public_ip": {
      "value": "20.2.25.90",
      "type": "string"
    }
  },
  "resources": [
    {
      "module": "module.linux_vm[0]",
      "mode": "data",
      "type": "azurerm_client_config",
      "name": "current",
      "provider": "provider[\"registry.terraform.io/hashicorp/azurerm\"]",
      "instances": [
        {
          "schema_version": 0,
          "attributes": {
            "client_id": "04b07795-8ddb-461a-bbee-02f9e1bf7b46",
            "id": "Y2xpZW50Q29uZmlncy9jbGllbnRJZD0wNGIwNzc5NS04ZGRiLTQ2MWEtYmJlZS0wMmY5ZTFiZjdiNDY7b2JqZWN0SWQ9NmQ1YmNhNWYtYWY5My00Njk2LWIxOGUtNTU4NGM3ZDJlOThlO3N1YnNjcmlwdGlvbklkPTg5NGIzZGU4LWM3NGEtNDc1OS05NjM5LWViYWFlMTVkMmE0ODt0ZW5hbnRJZD1mMTIyN2VhYi1lMmNmLTRjNjYtYTkxMC1iOGMzYjVkYjM0YTg=",
            "object_id": "6d5bca5f-af93-4696-b18e-5584c7d2e98e",
            "subscription_id": "894b3de8-c74a-4759-9639-ebaae15d2a48",
            "tenant_id": "f1227eab-e2cf-4c66-a910-b8c3b5db34a8",
            "timeouts": null
          },
          "sensitive_attributes": []
        }
      ]
    },
    {
      "module": "module.linux_vm[0]",
      "mode": "managed",
      "type": "azurerm_key_vault",
      "name": "norris-kv",
      "provider": "provider[\"registry.terraform.io/hashicorp/azurerm\"]",
      "instances": [
        {
          "schema_version": 2,
          "attributes": {
            "access_policy": [],
            "contact": [],
            "enable_rbac_authorization": false,
            "enabled_for_deployment": false,
            "enabled_for_disk_encryption": false,
            "enabled_for_template_deployment": false,
            "id": "/subscriptions/894b3de8-c74a-4759-9639-ebaae15d2a48/resourceGroups/terraform-resources/providers/Microsoft.KeyVault/vaults/norris-kv",
            "location": "eastasia",
            "name": "norris-kv",
            "network_acls": [
              {
                "bypass": "AzureServices",
                "default_action": "Allow",
                "ip_rules": [],
                "virtual_network_subnet_ids": []
              }
            ],
            "public_network_access_enabled": true,
            "purge_protection_enabled": false,
            "resource_group_name": "terraform-resources",
            "sku_name": "standard",
            "soft_delete_retention_days": 7,
            "tags": null,
            "tenant_id": "f1227eab-e2cf-4c66-a910-b8c3b5db34a8",
            "timeouts": null,
            "vault_uri": "https://norris-kv.vault.azure.net/"
          },
          "sensitive_attributes": [],
          "private": "eyJlMmJmYjczMC1lY2FhLTExZTYtOGY4OC0zNDM2M2JjN2M0YzAiOnsiY3JlYXRlIjoxODAwMDAwMDAwMDAwLCJkZWxldGUiOjE4MDAwMDAwMDAwMDAsInJlYWQiOjMwMDAwMDAwMDAwMCwidXBkYXRlIjoxODAwMDAwMDAwMDAwfSwic2NoZW1hX3ZlcnNpb24iOiIyIn0=",
          "dependencies": [
            "module.linux_vm.azurerm_resource_group.this",
            "module.linux_vm.data.azurerm_client_config.current"
          ]
        }
      ]
    },
    {
      "module": "module.linux_vm[0]",
      "mode": "managed",
      "type": "azurerm_key_vault_access_policy",
      "name": "norris-kv-policy",
      "provider": "provider[\"registry.terraform.io/hashicorp/azurerm\"]",
      "instances": [
        {
          "schema_version": 0,
          "attributes": {
            "application_id": null,
            "certificate_permissions": [],
            "id": "/subscriptions/894b3de8-c74a-4759-9639-ebaae15d2a48/resourceGroups/terraform-resources/providers/Microsoft.KeyVault/vaults/norris-kv/objectId/6d5bca5f-af93-4696-b18e-5584c7d2e98e",
            "key_permissions": [
              "Get",
              "List"
            ],
            "key_vault_id": "/subscriptions/894b3de8-c74a-4759-9639-ebaae15d2a48/resourceGroups/terraform-resources/providers/Microsoft.KeyVault/vaults/norris-kv",
            "object_id": "6d5bca5f-af93-4696-b18e-5584c7d2e98e",
            "secret_permissions": [
              "Get",
              "List",
              "Set",
              "Delete",
              "Backup",
              "Restore"
            ],
            "storage_permissions": [],
            "tenant_id": "f1227eab-e2cf-4c66-a910-b8c3b5db34a8",
            "timeouts": null
          },
          "sensitive_attributes": [],
          "private": "eyJlMmJmYjczMC1lY2FhLTExZTYtOGY4OC0zNDM2M2JjN2M0YzAiOnsiY3JlYXRlIjoxODAwMDAwMDAwMDAwLCJkZWxldGUiOjE4MDAwMDAwMDAwMDAsInJlYWQiOjMwMDAwMDAwMDAwMCwidXBkYXRlIjoxODAwMDAwMDAwMDAwfX0=",
          "dependencies": [
            "module.linux_vm.azurerm_key_vault.norris-kv",
            "module.linux_vm.azurerm_resource_group.this",
            "module.linux_vm.data.azurerm_client_config.current"
          ]
        }
      ]
    },
    {
      "module": "module.linux_vm[0]",
      "mode": "managed",
      "type": "azurerm_key_vault_secret",
      "name": "ssh_private_key",
      "provider": "provider[\"registry.terraform.io/hashicorp/azurerm\"]",
      "instances": [
        {
          "schema_version": 0,
          "attributes": {
            "content_type": "",
            "expiration_date": null,
            "id": "https://norris-kv.vault.azure.net/secrets/ssh-private-key/b9e9883dadb84ffb9f7d1ba9cc51cb09",
            "key_vault_id": "/subscriptions/894b3de8-c74a-4759-9639-ebaae15d2a48/resourceGroups/terraform-resources/providers/Microsoft.KeyVault/vaults/norris-kv",
            "name": "ssh-private-key",
            "not_before_date": null,
            "resource_id": "/subscriptions/894b3de8-c74a-4759-9639-ebaae15d2a48/resourceGroups/terraform-resources/providers/Microsoft.KeyVault/vaults/norris-kv/secrets/ssh-private-key/versions/b9e9883dadb84ffb9f7d1ba9cc51cb09",
            "resource_versionless_id": "/subscriptions/894b3de8-c74a-4759-9639-ebaae15d2a48/resourceGroups/terraform-resources/providers/Microsoft.KeyVault/vaults/norris-kv/secrets/ssh-private-key",
            "tags": null,
            "timeouts": null,
            "value": "-----BEGIN RSA PRIVATE KEY-----\nMIIJJwIBAAKCAgEA4TtZkvFODkKjJerHYt19VUhGH6s5BbgpYwq4gAsKS0J3rQBg\nQErc8J1ONQy6ZkrR+QYjgvPp8ViA0qA9jdYxBsCEfvvxCa7ktmWlKRxtCopn2cOt\nIXjZrshUqoPgRiJko78n3CT0QKdyci8REZmcwkqf9J3XP7z33ohfoNYMogxBC4tT\nq4MGSrebV7WaUF5LFQ61P5nMNXYxMMIPOG7l7UDcYkvdXFcwL+gZHK7h0KT8DyZE\nZmBbg27dQNBR/aN6B3v53dv8nAczWdX9tMm3wnWySJ2DQq37A02q82h6t6H60lgX\nGkT1Mmlm4PDugjOnU90EdkJ2hVcSz+n3caAusiyDXDsXtYfPwdsvnSX+ApibS/yy\nbDAtoUWKSZ/lo+45tcFKZqfrDKLP6E07RXTvk5dt6Fajqbga0nrE90KAxQgR0zp0\nCBT1/asJywLr4oXqgOnfM5YLyuSYCw8Clz/HL6PpsJRIs5ON3OTWMouoMENCRltH\n/CQ1t+JJNrGsMG2a+vEL2ox7aOu+OQcLJ/oJ+5wZqbLCR4E3R9EcmGi1JPvaRLzB\nYBpLmcn1/UvrdHgvT+ozzlpl4qGFmFQxSNyhWkcrqCtFhIAU64dRkowsdLapQKjH\nTwChbWlVNVc0pb/KKqbPlqFEiHP2VB0UcXikcbqGP2LwsN8lE7VPqTQtXN8CAwEA\nAQKCAgBQ1NvwwGki9QdYNEoaUSMJ2EZSV0C/rLgts0tDqLKpD9GjZN8mM7fXIp1O\nrKK402FH3cwg0yjCVODmtltg693sbmsep4x5zSqHyzLa7jiz77gVjwQzXwvAjmTU\nTT/P68fyfEfx2dFO4slP8VRO3LJFiEKfp4X4efj7BDZNooQmI/+0BOyiQQOhDQPT\nFnmrHiwUApNJoAiJp0FAHmUX+7TI0N5G6LMo0KGaj9FzWc/w8UUEqtchZrNxF/iP\nqjPCs0i4JuYlmS2vUWY8d2/10e8A+vxg0yaoZ4gOR3Fyqaxg+uDpXHPuGZFl5i3l\nzJHMaH1Eu60+Q9wFPpqhw3XqcXJQEudacvkpNWXuQeQuPbqT5cghYwpgSra0yxcv\niIIM8j+jAe02VB+6jJwqD0Y+6LqVjqoOLKQ4UIhl3Fx3RdYdW1aSjxcFo99oxOOt\nYXQ+Cg5kMDsfkCIwQEO7Cc73xWubqX53FIedOiHQ0A4hChs3ubuTCd2+azJzLJeQ\nIIFzNNpEO2mSXjg+Zki/IDoz6+JCrB+RU2uJuqXyuC0lifh6jAwCthCk7rU5YFTq\nFQKrZD+j/Q1NS0L6tIpTu7NaDDCYpMvIUZyz9Xg2VXSpyHQIu7v7QMVWX8gUx763\nM5tD/UxiBjbXEgPE7g+yN2u+/d4CIkfv4tCoFRAKML/QizMSAQKCAQEA+oBwCX0U\nApb24c6MmPtoEyf5q1f0WQkaGuoPhZc+ppMuDc0MBfj6R8imsVP8Rh29/l6kO/6i\nMB2Wf6tpEIQ9c6683BAWisBoKX2GjWGyN0v4VVBge3oaikcmnv4bEmUNS6lcQb+l\nSuB03dCc8uXKMFRCc6IZenIIO2HiMxWjtyToEGnhWW9++jA3nKd+KOa+IkC6ws4C\n7H38T6+rfLA+/80/+2/KgLF5ijeXFyLPBuqNZuQmsgecpW8p1LdG1SsEQenRyahY\nXJ4sNjVX7xP6+WYnmpcIKclcXiIiPRMlXEwTItXy5snU7KQUHXcvsoH/lZpT6dk4\n6sXYUQNesqEE6QKCAQEA5izr6D9rBvkDqWr9X6KhIpOip0Fas7bRrtloFOPuSfOf\nBSnYs9Er/tSBklJoXekwZ0HNyJgWoWhEScpHHfzX2Mj84ZhPouIz73mb05AdhHhp\n8ejcu9AHv81JTAilwFQwvl3ttzVFS9KOJVXa/ie74DdeDiBlhsA4i0VoFegveVy5\nIOr3X4Nq1JFt/L9lIr8eq0gRj4JnsR0cgW1Mc+CgRoP5726MM/ZWWVzDGBWdtF7K\n6HpiFCn2qi649+k6HD6ONlG3aTjNNAy8YbV9K5LjzIk0QhQpLZZczP1yr1mrT3YW\nndO0WbVQauJxYSkHgNsLZIz8Ewi4rQ5vR6Dp6EHWhwKCAQB3fCP0orCUu6Vu97Kg\nleqCmKLCU+W9QlYtWE+nDQlZMwLYmmGNx8C51L+N/d1rJGynlEUKSN7bzIEozH4E\n3s7hCwwSe6oE7NnCUJmJfnwfXCFLsFcVDpzyMBX/6HzJPWImINZcliklmgKkewkh\n4vGaM9auiTdV7GZ4zKu0ajH4/aWjjp1qp4ANnkoocsv+fnFarT1oBhPm8gETkVte\n0kJ6iVBngl85G245u2JaKsRNLDveRB0g9fiGAIwXZoRm0WnqdrkWUzIym0/DW5Zh\n90nTBCMH3dqK8/0W+XkTYLqFV9QY3axK4SKq7Wia1Wru3osmtMIp3O8FLPGNUuos\nkhlhAoIBACikffNAX3GXvqHHln2whatJTksiKxXYjiXFla86n/TG46lRvkXiBVa1\nxztC+dK7PiS9ZcyprjVJ5+TvpqcQ4jwRITXkYwtrzafXXUB6Dfw6Ftr0NyWikfu4\nD90xGbNgKksy4qqa6WV+BENraYO/GFl67UypQ8QLZPCSjNJxcRCI4teBJbTjy5VF\nKJqcYQtFm/C6hP9GE3Eeps3jssAzRZmt7A/vASqbsJuO2ZQDHRmgM0vhcDgHQNrD\n7T05HV2nXg0RWMVnljQ+m3TVSwjKoxaWk3enf63hAvnfNsTnnGwnec7cdtfwQAbf\nfQ2e5QhHpTdX/ZqOy60jA1suep7cITkCggEAcg6TOycMEnxJArl3qGZsHdw+1bFK\nGanfYx8/XKkIt4ZfE2wPA+c21a+u8iduRMWsy5MSuez8mTNuw2e6vBGHSj1u9YAa\n6vb5/iXUzxZRSP5OcVRDQFcW6WJJFP90dUzqpqwoRSSOoIFi25HoG5tQrkP5leyt\nDJ/tIhRBnE6ma6invvFXAuD6qUPhb9+A7bh8iBxHFaDgfozykxS3OrM5LGwf/GFX\n4kR5xYDNh2iZoHOeH/7jrt9+LBcSSkBtoORYYojIO+cSN42RdHjkauTTrpq8Rur7\n0GVNvHBIw/qN/4QIH+yFfrcsm2ww5mgQL+HMYlfzvDyYtFIyhcSc1vPI+w==\n-----END RSA PRIVATE KEY-----\n",
            "version": "b9e9883dadb84ffb9f7d1ba9cc51cb09",
            "versionless_id": "https://norris-kv.vault.azure.net/secrets/ssh-private-key"
          },
          "sensitive_attributes": [
            [
              {
                "type": "get_attr",
                "value": "value"
              }
            ]
          ],
          "private": "eyJlMmJmYjczMC1lY2FhLTExZTYtOGY4OC0zNDM2M2JjN2M0YzAiOnsiY3JlYXRlIjoxODAwMDAwMDAwMDAwLCJkZWxldGUiOjE4MDAwMDAwMDAwMDAsInJlYWQiOjE4MDAwMDAwMDAwMDAsInVwZGF0ZSI6MTgwMDAwMDAwMDAwMH19",
          "dependencies": [
            "module.linux_vm.azurerm_key_vault.norris-kv",
            "module.linux_vm.azurerm_key_vault_access_policy.norris-kv-policy",
            "module.linux_vm.azurerm_resource_group.this",
            "module.linux_vm.data.azurerm_client_config.current",
            "module.linux_vm.tls_private_key.ssh_key"
          ]
        }
      ]
    },
    {
      "module": "module.linux_vm[0]",
      "mode": "managed",
      "type": "azurerm_key_vault_secret",
      "name": "ssh_public_key",
      "provider": "provider[\"registry.terraform.io/hashicorp/azurerm\"]",
      "instances": [
        {
          "schema_version": 0,
          "attributes": {
            "content_type": "",
            "expiration_date": null,
            "id": "https://norris-kv.vault.azure.net/secrets/ssh-public-key/b793bdd4d7cf46e6b1ca7ad343814695",
            "key_vault_id": "/subscriptions/894b3de8-c74a-4759-9639-ebaae15d2a48/resourceGroups/terraform-resources/providers/Microsoft.KeyVault/vaults/norris-kv",
            "name": "ssh-public-key",
            "not_before_date": null,
            "resource_id": "/subscriptions/894b3de8-c74a-4759-9639-ebaae15d2a48/resourceGroups/terraform-resources/providers/Microsoft.KeyVault/vaults/norris-kv/secrets/ssh-public-key/versions/b793bdd4d7cf46e6b1ca7ad343814695",
            "resource_versionless_id": "/subscriptions/894b3de8-c74a-4759-9639-ebaae15d2a48/resourceGroups/terraform-resources/providers/Microsoft.KeyVault/vaults/norris-kv/secrets/ssh-public-key",
            "tags": null,
            "timeouts": null,
            "value": "ssh-rsa AAAAB3NzaC1yc2EAAAADAQABAAACAQDhO1mS8U4OQqMl6sdi3X1VSEYfqzkFuCljCriACwpLQnetAGBAStzwnU41DLpmStH5BiOC8+nxWIDSoD2N1jEGwIR++/EJruS2ZaUpHG0KimfZw60heNmuyFSqg+BGImSjvyfcJPRAp3JyLxERmZzCSp/0ndc/vPfeiF+g1gyiDEELi1OrgwZKt5tXtZpQXksVDrU/mcw1djEwwg84buXtQNxiS91cVzAv6BkcruHQpPwPJkRmYFuDbt1A0FH9o3oHe/nd2/ycBzNZ1f20ybfCdbJInYNCrfsDTarzaHq3ofrSWBcaRPUyaWbg8O6CM6dT3QR2QnaFVxLP6fdxoC6yLINcOxe1h8/B2y+dJf4CmJtL/LJsMC2hRYpJn+Wj7jm1wUpmp+sMos/oTTtFdO+Tl23oVqOpuBrSesT3QoDFCBHTOnQIFPX9qwnLAuviheqA6d8zlgvK5JgLDwKXP8cvo+mwlEizk43c5NYyi6gwQ0JGW0f8JDW34kk2sawwbZr68QvajHto6745Bwsn+gn7nBmpssJHgTdH0RyYaLUk+9pEvMFgGkuZyfX9S+t0eC9P6jPOWmXioYWYVDFI3KFaRyuoK0WEgBTrh1GSjCx0tqlAqMdPAKFtaVU1VzSlv8oqps+WoUSIc/ZUHRRxeKRxuoY/YvCw3yUTtU+pNC1c3w==\n",
            "version": "b793bdd4d7cf46e6b1ca7ad343814695",
            "versionless_id": "https://norris-kv.vault.azure.net/secrets/ssh-public-key"
          },
          "sensitive_attributes": [
            [
              {
                "type": "get_attr",
                "value": "value"
              }
            ]
          ],
          "private": "eyJlMmJmYjczMC1lY2FhLTExZTYtOGY4OC0zNDM2M2JjN2M0YzAiOnsiY3JlYXRlIjoxODAwMDAwMDAwMDAwLCJkZWxldGUiOjE4MDAwMDAwMDAwMDAsInJlYWQiOjE4MDAwMDAwMDAwMDAsInVwZGF0ZSI6MTgwMDAwMDAwMDAwMH19",
          "dependencies": [
            "module.linux_vm.azurerm_key_vault.norris-kv",
            "module.linux_vm.azurerm_key_vault_access_policy.norris-kv-policy",
            "module.linux_vm.azurerm_resource_group.this",
            "module.linux_vm.data.azurerm_client_config.current",
            "module.linux_vm.tls_private_key.ssh_key"
          ]
        }
      ]
    },
    {
      "module": "module.linux_vm[0]",
      "mode": "managed",
      "type": "azurerm_linux_virtual_machine",
      "name": "this",
      "provider": "provider[\"registry.terraform.io/hashicorp/azurerm\"]",
      "instances": [
        {
          "schema_version": 0,
          "attributes": {
            "additional_capabilities": [],
            "admin_password": null,
            "admin_ssh_key": [
              {
                "public_key": "ssh-rsa AAAAB3NzaC1yc2EAAAADAQABAAACAQDhO1mS8U4OQqMl6sdi3X1VSEYfqzkFuCljCriACwpLQnetAGBAStzwnU41DLpmStH5BiOC8+nxWIDSoD2N1jEGwIR++/EJruS2ZaUpHG0KimfZw60heNmuyFSqg+BGImSjvyfcJPRAp3JyLxERmZzCSp/0ndc/vPfeiF+g1gyiDEELi1OrgwZKt5tXtZpQXksVDrU/mcw1djEwwg84buXtQNxiS91cVzAv6BkcruHQpPwPJkRmYFuDbt1A0FH9o3oHe/nd2/ycBzNZ1f20ybfCdbJInYNCrfsDTarzaHq3ofrSWBcaRPUyaWbg8O6CM6dT3QR2QnaFVxLP6fdxoC6yLINcOxe1h8/B2y+dJf4CmJtL/LJsMC2hRYpJn+Wj7jm1wUpmp+sMos/oTTtFdO+Tl23oVqOpuBrSesT3QoDFCBHTOnQIFPX9qwnLAuviheqA6d8zlgvK5JgLDwKXP8cvo+mwlEizk43c5NYyi6gwQ0JGW0f8JDW34kk2sawwbZr68QvajHto6745Bwsn+gn7nBmpssJHgTdH0RyYaLUk+9pEvMFgGkuZyfX9S+t0eC9P6jPOWmXioYWYVDFI3KFaRyuoK0WEgBTrh1GSjCx0tqlAqMdPAKFtaVU1VzSlv8oqps+WoUSIc/ZUHRRxeKRxuoY/YvCw3yUTtU+pNC1c3w==\n",
                "username": "norris"
              }
            ],
            "admin_username": "norris",
            "allow_extension_operations": true,
            "availability_set_id": "",
            "boot_diagnostics": [],
            "bypass_platform_safety_checks_on_user_schedule_enabled": false,
            "capacity_reservation_group_id": "",
            "computer_name": "my-vm-linux",
            "custom_data": null,
            "dedicated_host_group_id": "",
            "dedicated_host_id": "",
            "disable_password_authentication": true,
            "disk_controller_type": "",
            "edge_zone": "",
            "encryption_at_host_enabled": false,
            "eviction_policy": "",
            "extensions_time_budget": "PT1H30M",
            "gallery_application": [],
            "id": "/subscriptions/894b3de8-c74a-4759-9639-ebaae15d2a48/resourceGroups/terraform-resources/providers/Microsoft.Compute/virtualMachines/my-vm-linux",
            "identity": [],
            "license_type": "",
            "location": "eastasia",
            "max_bid_price": -1,
            "name": "my-vm-linux",
            "network_interface_ids": [
              "/subscriptions/894b3de8-c74a-4759-9639-ebaae15d2a48/resourceGroups/terraform-resources/providers/Microsoft.Network/networkInterfaces/my-vm-linux-nic"
            ],
            "os_disk": [
              {
                "caching": "ReadWrite",
                "diff_disk_settings": [],
                "disk_encryption_set_id": "",
                "disk_size_gb": 30,
                "name": "myosdisk1",
                "secure_vm_disk_encryption_set_id": "",
                "security_encryption_type": "",
                "storage_account_type": "Standard_LRS",
                "write_accelerator_enabled": false
              }
            ],
            "os_image_notification": [],
            "patch_assessment_mode": "ImageDefault",
            "patch_mode": "ImageDefault",
            "plan": [],
            "platform_fault_domain": -1,
            "priority": "Regular",
            "private_ip_address": "10.0.1.4",
            "private_ip_addresses": [
              "10.0.1.4"
            ],
            "provision_vm_agent": true,
            "proximity_placement_group_id": "",
            "public_ip_address": "20.2.25.90",
            "public_ip_addresses": [
              "20.2.25.90"
            ],
            "reboot_setting": "",
            "resource_group_name": "terraform-resources",
            "secret": [],
            "secure_boot_enabled": false,
            "size": "Standard_D2s_v3",
            "source_image_id": "",
            "source_image_reference": [
              {
                "offer": "0001-com-ubuntu-server-jammy",
                "publisher": "Canonical",
                "sku": "22_04-lts",
                "version": "latest"
              }
            ],
            "tags": null,
            "termination_notification": null,
            "timeouts": null,
            "user_data": "",
            "virtual_machine_id": "df2e4b97-e3bc-4c1a-ab14-314633ff2ec1",
            "virtual_machine_scale_set_id": "",
            "vm_agent_platform_updates_enabled": false,
            "vtpm_enabled": false,
            "zone": ""
          },
          "sensitive_attributes": [
            [
              {
                "type": "get_attr",
                "value": "custom_data"
              }
            ],
            [
              {
                "type": "get_attr",
                "value": "admin_password"
              }
            ]
          ],
          "private": "eyJlMmJmYjczMC1lY2FhLTExZTYtOGY4OC0zNDM2M2JjN2M0YzAiOnsiY3JlYXRlIjoyNzAwMDAwMDAwMDAwLCJkZWxldGUiOjI3MDAwMDAwMDAwMDAsInJlYWQiOjMwMDAwMDAwMDAwMCwidXBkYXRlIjoyNzAwMDAwMDAwMDAwfX0=",
          "dependencies": [
            "module.linux_vm.azurerm_key_vault.norris-kv",
            "module.linux_vm.azurerm_key_vault_access_policy.norris-kv-policy",
            "module.linux_vm.azurerm_key_vault_secret.ssh_public_key",
            "module.linux_vm.azurerm_network_interface.this",
            "module.linux_vm.azurerm_public_ip.this",
            "module.linux_vm.azurerm_resource_group.this",
            "module.linux_vm.azurerm_subnet.this",
            "module.linux_vm.azurerm_virtual_network.this",
            "module.linux_vm.data.azurerm_client_config.current",
            "module.linux_vm.tls_private_key.ssh_key"
          ]
        }
      ]
    },
    {
      "module": "module.linux_vm[0]",
      "mode": "managed",
      "type": "azurerm_network_interface",
      "name": "this",
      "provider": "provider[\"registry.terraform.io/hashicorp/azurerm\"]",
      "instances": [
        {
          "schema_version": 0,
          "attributes": {
            "accelerated_networking_enabled": false,
            "applied_dns_servers": [],
            "auxiliary_mode": "",
            "auxiliary_sku": "",
            "dns_servers": null,
            "edge_zone": "",
            "id": "/subscriptions/894b3de8-c74a-4759-9639-ebaae15d2a48/resourceGroups/terraform-resources/providers/Microsoft.Network/networkInterfaces/my-vm-linux-nic",
            "internal_dns_name_label": "",
            "internal_domain_name_suffix": "4vgwo5v2c2qujppebk2w32411f.hx.internal.cloudapp.net",
            "ip_configuration": [
              {
                "gateway_load_balancer_frontend_ip_configuration_id": "",
                "name": "internal",
                "primary": true,
                "private_ip_address": "10.0.1.4",
                "private_ip_address_allocation": "Dynamic",
                "private_ip_address_version": "IPv4",
                "public_ip_address_id": "/subscriptions/894b3de8-c74a-4759-9639-ebaae15d2a48/resourceGroups/terraform-resources/providers/Microsoft.Network/publicIPAddresses/my-vm-linux-pip",
                "subnet_id": "/subscriptions/894b3de8-c74a-4759-9639-ebaae15d2a48/resourceGroups/terraform-resources/providers/Microsoft.Network/virtualNetworks/my-vm-linux-vnet/subnets/my-vm-linux-subnet"
              }
            ],
            "ip_forwarding_enabled": false,
            "location": "eastasia",
            "mac_address": "",
            "name": "my-vm-linux-nic",
            "private_ip_address": "10.0.1.4",
            "private_ip_addresses": [
              "10.0.1.4"
            ],
            "resource_group_name": "terraform-resources",
            "tags": null,
            "timeouts": null,
            "virtual_machine_id": ""
          },
          "sensitive_attributes": [],
          "private": "eyJlMmJmYjczMC1lY2FhLTExZTYtOGY4OC0zNDM2M2JjN2M0YzAiOnsiY3JlYXRlIjoxODAwMDAwMDAwMDAwLCJkZWxldGUiOjE4MDAwMDAwMDAwMDAsInJlYWQiOjMwMDAwMDAwMDAwMCwidXBkYXRlIjoxODAwMDAwMDAwMDAwfX0=",
          "dependencies": [
            "module.linux_vm.azurerm_public_ip.this",
            "module.linux_vm.azurerm_resource_group.this",
            "module.linux_vm.azurerm_subnet.this",
            "module.linux_vm.azurerm_virtual_network.this"
          ]
        }
      ]
    },
    {
      "module": "module.linux_vm[0]",
      "mode": "managed",
      "type": "azurerm_network_interface_security_group_association",
      "name": "this",
      "provider": "provider[\"registry.terraform.io/hashicorp/azurerm\"]",
      "instances": [
        {
          "schema_version": 0,
          "attributes": {
            "id": "/subscriptions/894b3de8-c74a-4759-9639-ebaae15d2a48/resourceGroups/terraform-resources/providers/Microsoft.Network/networkInterfaces/my-vm-linux-nic|/subscriptions/894b3de8-c74a-4759-9639-ebaae15d2a48/resourceGroups/terraform-resources/providers/Microsoft.Network/networkSecurityGroups/my-vm-linux-nsg",
            "network_interface_id": "/subscriptions/894b3de8-c74a-4759-9639-ebaae15d2a48/resourceGroups/terraform-resources/providers/Microsoft.Network/networkInterfaces/my-vm-linux-nic",
            "network_security_group_id": "/subscriptions/894b3de8-c74a-4759-9639-ebaae15d2a48/resourceGroups/terraform-resources/providers/Microsoft.Network/networkSecurityGroups/my-vm-linux-nsg",
            "timeouts": null
          },
          "sensitive_attributes": [],
          "private": "eyJlMmJmYjczMC1lY2FhLTExZTYtOGY4OC0zNDM2M2JjN2M0YzAiOnsiY3JlYXRlIjoxODAwMDAwMDAwMDAwLCJkZWxldGUiOjE4MDAwMDAwMDAwMDAsInJlYWQiOjMwMDAwMDAwMDAwMH19",
          "dependencies": [
            "module.linux_vm.azurerm_network_interface.this",
            "module.linux_vm.azurerm_network_security_group.this",
            "module.linux_vm.azurerm_public_ip.this",
            "module.linux_vm.azurerm_resource_group.this",
            "module.linux_vm.azurerm_subnet.this",
            "module.linux_vm.azurerm_virtual_network.this"
          ]
        }
      ]
    },
    {
      "module": "module.linux_vm[0]",
      "mode": "managed",
      "type": "azurerm_network_security_group",
      "name": "this",
      "provider": "provider[\"registry.terraform.io/hashicorp/azurerm\"]",
      "instances": [
        {
          "schema_version": 0,
          "attributes": {
            "id": "/subscriptions/894b3de8-c74a-4759-9639-ebaae15d2a48/resourceGroups/terraform-resources/providers/Microsoft.Network/networkSecurityGroups/my-vm-linux-nsg",
            "location": "eastasia",
            "name": "my-vm-linux-nsg",
            "resource_group_name": "terraform-resources",
            "security_rule": [
              {
                "access": "Allow",
                "description": "",
                "destination_address_prefix": "*",
                "destination_address_prefixes": [],
                "destination_application_security_group_ids": [],
                "destination_port_range": "22",
                "destination_port_ranges": [],
                "direction": "Inbound",
                "name": "Allow-SSH",
                "priority": 1000,
                "protocol": "Tcp",
                "source_address_prefix": "*",
                "source_address_prefixes": [],
                "source_application_security_group_ids": [],
                "source_port_range": "*",
                "source_port_ranges": []
              },
              {
                "access": "Allow",
                "description": "",
                "destination_address_prefix": "*",
                "destination_address_prefixes": [],
                "destination_application_security_group_ids": [],
                "destination_port_range": "80",
                "destination_port_ranges": [],
                "direction": "Inbound",
                "name": "AllowHTTP",
                "priority": 1002,
                "protocol": "Tcp",
                "source_address_prefix": "*",
                "source_address_prefixes": [],
                "source_application_security_group_ids": [],
                "source_port_range": "*",
                "source_port_ranges": []
              }
            ],
            "tags": null,
            "timeouts": null
          },
          "sensitive_attributes": [],
          "private": "eyJlMmJmYjczMC1lY2FhLTExZTYtOGY4OC0zNDM2M2JjN2M0YzAiOnsiY3JlYXRlIjoxODAwMDAwMDAwMDAwLCJkZWxldGUiOjE4MDAwMDAwMDAwMDAsInJlYWQiOjMwMDAwMDAwMDAwMCwidXBkYXRlIjoxODAwMDAwMDAwMDAwfX0=",
          "dependencies": [
            "module.linux_vm.azurerm_resource_group.this"
          ]
        }
      ]
    },
    {
      "module": "module.linux_vm[0]",
      "mode": "managed",
      "type": "azurerm_public_ip",
      "name": "this",
      "provider": "provider[\"registry.terraform.io/hashicorp/azurerm\"]",
      "instances": [
        {
          "schema_version": 0,
          "attributes": {
            "allocation_method": "Static",
            "ddos_protection_mode": "VirtualNetworkInherited",
            "ddos_protection_plan_id": null,
            "domain_name_label": null,
            "edge_zone": "",
            "fqdn": null,
            "id": "/subscriptions/894b3de8-c74a-4759-9639-ebaae15d2a48/resourceGroups/terraform-resources/providers/Microsoft.Network/publicIPAddresses/my-vm-linux-pip",
            "idle_timeout_in_minutes": 4,
            "ip_address": "20.2.25.90",
            "ip_tags": null,
            "ip_version": "IPv4",
            "location": "eastasia",
            "name": "my-vm-linux-pip",
            "public_ip_prefix_id": null,
            "resource_group_name": "terraform-resources",
            "reverse_fqdn": null,
            "sku": "Standard",
            "sku_tier": "Regional",
            "tags": null,
            "timeouts": null,
            "zones": null
          },
          "sensitive_attributes": [],
          "private": "eyJlMmJmYjczMC1lY2FhLTExZTYtOGY4OC0zNDM2M2JjN2M0YzAiOnsiY3JlYXRlIjoxODAwMDAwMDAwMDAwLCJkZWxldGUiOjE4MDAwMDAwMDAwMDAsInJlYWQiOjMwMDAwMDAwMDAwMCwidXBkYXRlIjoxODAwMDAwMDAwMDAwfX0=",
          "dependencies": [
            "module.linux_vm.azurerm_resource_group.this"
          ]
        }
      ]
    },
    {
      "module": "module.linux_vm[0]",
      "mode": "managed",
      "type": "azurerm_resource_group",
      "name": "this",
      "provider": "provider[\"registry.terraform.io/hashicorp/azurerm\"]",
      "instances": [
        {
          "schema_version": 0,
          "attributes": {
            "id": "/subscriptions/894b3de8-c74a-4759-9639-ebaae15d2a48/resourceGroups/terraform-resources",
            "location": "eastasia",
            "managed_by": "",
            "name": "terraform-resources",
            "tags": null,
            "timeouts": null
          },
          "sensitive_attributes": [],
          "private": "eyJlMmJmYjczMC1lY2FhLTExZTYtOGY4OC0zNDM2M2JjN2M0YzAiOnsiY3JlYXRlIjo1NDAwMDAwMDAwMDAwLCJkZWxldGUiOjU0MDAwMDAwMDAwMDAsInJlYWQiOjMwMDAwMDAwMDAwMCwidXBkYXRlIjo1NDAwMDAwMDAwMDAwfX0="
        }
      ]
    },
    {
      "module": "module.linux_vm[0]",
      "mode": "managed",
      "type": "azurerm_subnet",
      "name": "this",
      "provider": "provider[\"registry.terraform.io/hashicorp/azurerm\"]",
      "instances": [
        {
          "schema_version": 0,
          "attributes": {
            "address_prefixes": [
              "10.0.1.0/24"
            ],
            "default_outbound_access_enabled": true,
            "delegation": [],
            "id": "/subscriptions/894b3de8-c74a-4759-9639-ebaae15d2a48/resourceGroups/terraform-resources/providers/Microsoft.Network/virtualNetworks/my-vm-linux-vnet/subnets/my-vm-linux-subnet",
            "name": "my-vm-linux-subnet",
            "private_endpoint_network_policies": "Disabled",
            "private_link_service_network_policies_enabled": true,
            "resource_group_name": "terraform-resources",
            "service_endpoint_policy_ids": null,
            "service_endpoints": null,
            "timeouts": null,
            "virtual_network_name": "my-vm-linux-vnet"
          },
          "sensitive_attributes": [],
          "private": "eyJlMmJmYjczMC1lY2FhLTExZTYtOGY4OC0zNDM2M2JjN2M0YzAiOnsiY3JlYXRlIjoxODAwMDAwMDAwMDAwLCJkZWxldGUiOjE4MDAwMDAwMDAwMDAsInJlYWQiOjMwMDAwMDAwMDAwMCwidXBkYXRlIjoxODAwMDAwMDAwMDAwfX0=",
          "dependencies": [
            "module.linux_vm.azurerm_resource_group.this",
            "module.linux_vm.azurerm_virtual_network.this"
          ]
        }
      ]
    },
    {
      "module": "module.linux_vm[0]",
      "mode": "managed",
      "type": "azurerm_virtual_network",
      "name": "this",
      "provider": "provider[\"registry.terraform.io/hashicorp/azurerm\"]",
      "instances": [
        {
          "schema_version": 0,
          "attributes": {
            "address_space": [
              "10.0.0.0/16"
            ],
            "bgp_community": "",
            "ddos_protection_plan": [],
            "dns_servers": [],
            "edge_zone": "",
            "encryption": [],
            "flow_timeout_in_minutes": 0,
            "guid": "7e674df5-17bc-4421-bde4-0ab96ef3dbdd",
            "id": "/subscriptions/894b3de8-c74a-4759-9639-ebaae15d2a48/resourceGroups/terraform-resources/providers/Microsoft.Network/virtualNetworks/my-vm-linux-vnet",
            "location": "eastasia",
            "name": "my-vm-linux-vnet",
            "resource_group_name": "terraform-resources",
            "subnet": [],
            "tags": null,
            "timeouts": null
          },
          "sensitive_attributes": [],
          "private": "eyJlMmJmYjczMC1lY2FhLTExZTYtOGY4OC0zNDM2M2JjN2M0YzAiOnsiY3JlYXRlIjoxODAwMDAwMDAwMDAwLCJkZWxldGUiOjE4MDAwMDAwMDAwMDAsInJlYWQiOjMwMDAwMDAwMDAwMCwidXBkYXRlIjoxODAwMDAwMDAwMDAwfX0=",
          "dependencies": [
            "module.linux_vm.azurerm_resource_group.this"
          ]
        }
      ]
    },
    {
      "module": "module.linux_vm[0]",
      "mode": "managed",
      "type": "tls_private_key",
      "name": "ssh_key",
      "provider": "provider[\"registry.terraform.io/hashicorp/tls\"]",
      "instances": [
        {
          "schema_version": 1,
          "attributes": {
            "algorithm": "RSA",
            "ecdsa_curve": "P224",
            "id": "123fb5a9160d079287e0284adfed045bb8a0c053",
            "private_key_openssh": "-----BEGIN OPENSSH PRIVATE KEY-----\nb3BlbnNzaC1rZXktdjEAAAAABG5vbmUAAAAEbm9uZQAAAAAAAAABAAACFwAAAAdz\nc2gtcnNhAAAAAwEAAQAAAgEA4TtZkvFODkKjJerHYt19VUhGH6s5BbgpYwq4gAsK\nS0J3rQBgQErc8J1ONQy6ZkrR+QYjgvPp8ViA0qA9jdYxBsCEfvvxCa7ktmWlKRxt\nCopn2cOtIXjZrshUqoPgRiJko78n3CT0QKdyci8REZmcwkqf9J3XP7z33ohfoNYM\nogxBC4tTq4MGSrebV7WaUF5LFQ61P5nMNXYxMMIPOG7l7UDcYkvdXFcwL+gZHK7h\n0KT8DyZEZmBbg27dQNBR/aN6B3v53dv8nAczWdX9tMm3wnWySJ2DQq37A02q82h6\nt6H60lgXGkT1Mmlm4PDugjOnU90EdkJ2hVcSz+n3caAusiyDXDsXtYfPwdsvnSX+\nApibS/yybDAtoUWKSZ/lo+45tcFKZqfrDKLP6E07RXTvk5dt6Fajqbga0nrE90KA\nxQgR0zp0CBT1/asJywLr4oXqgOnfM5YLyuSYCw8Clz/HL6PpsJRIs5ON3OTWMouo\nMENCRltH/CQ1t+JJNrGsMG2a+vEL2ox7aOu+OQcLJ/oJ+5wZqbLCR4E3R9EcmGi1\nJPvaRLzBYBpLmcn1/UvrdHgvT+ozzlpl4qGFmFQxSNyhWkcrqCtFhIAU64dRkows\ndLapQKjHTwChbWlVNVc0pb/KKqbPlqFEiHP2VB0UcXikcbqGP2LwsN8lE7VPqTQt\nXN8AAAc4p5jweqeY8HoAAAAHc3NoLXJzYQAAAgEA4TtZkvFODkKjJerHYt19VUhG\nH6s5BbgpYwq4gAsKS0J3rQBgQErc8J1ONQy6ZkrR+QYjgvPp8ViA0qA9jdYxBsCE\nfvvxCa7ktmWlKRxtCopn2cOtIXjZrshUqoPgRiJko78n3CT0QKdyci8REZmcwkqf\n9J3XP7z33ohfoNYMogxBC4tTq4MGSrebV7WaUF5LFQ61P5nMNXYxMMIPOG7l7UDc\nYkvdXFcwL+gZHK7h0KT8DyZEZmBbg27dQNBR/aN6B3v53dv8nAczWdX9tMm3wnWy\nSJ2DQq37A02q82h6t6H60lgXGkT1Mmlm4PDugjOnU90EdkJ2hVcSz+n3caAusiyD\nXDsXtYfPwdsvnSX+ApibS/yybDAtoUWKSZ/lo+45tcFKZqfrDKLP6E07RXTvk5dt\n6Fajqbga0nrE90KAxQgR0zp0CBT1/asJywLr4oXqgOnfM5YLyuSYCw8Clz/HL6Pp\nsJRIs5ON3OTWMouoMENCRltH/CQ1t+JJNrGsMG2a+vEL2ox7aOu+OQcLJ/oJ+5wZ\nqbLCR4E3R9EcmGi1JPvaRLzBYBpLmcn1/UvrdHgvT+ozzlpl4qGFmFQxSNyhWkcr\nqCtFhIAU64dRkowsdLapQKjHTwChbWlVNVc0pb/KKqbPlqFEiHP2VB0UcXikcbqG\nP2LwsN8lE7VPqTQtXN8AAAADAQABAAACAFDU2/DAaSL1B1g0ShpRIwnYRlJXQL+s\nuC2zS0OosqkP0aNk3yYzt9cinU6sorjTYUfdzCDTKMJU4Oa2W2Dr3exuax6njHnN\nKofLMtruOLPvuBWPBDNfC8COZNRNP8/rx/J8R/HZ0U7iyU/xVE7cskWIQp+nhfh5\n+PsENk2ihCYj/7QE7KJBA6ENA9MWeaseLBQCk0mgCImnQUAeZRf7tMjQ3kbosyjQ\noZqP0XNZz/DxRQSq1yFms3EX+I+qM8KzSLgm5iWZLa9RZjx3b/XR7wD6/GDTJqhn\niA5HcXKprGD64Olcc+4ZkWXmLeXMkcxofUS7rT5D3AU+mqHDdepxclAS51py+Sk1\nZe5B5C49upPlyCFjCmBKtrTLFy+IggzyP6MB7TZUH7qMnCoPRj7oupWOqg4spDhQ\niGXcXHdF1h1bVpKPFwWj32jE461hdD4KDmQwOx+QIjBAQ7sJzvfFa5upfncUh506\nIdDQDiEKGze5u5MJ3b5rMnMsl5AggXM02kQ7aZJeOD5mSL8gOjPr4kKsH5FTa4m6\npfK4LSWJ+HqMDAK2EKTutTlgVOoVAqtkP6P9DU1LQvq0ilO7s1oMMJiky8hRnLP1\neDZVdKnIdAi7u/tAxVZfyBTHvrczm0P9TGIGNtcSA8TuD7I3a7793gIiR+/i0KgV\nEAowv9CLMxIBAAABAHIOkzsnDBJ8SQK5d6hmbB3cPtWxShmp32MfP1ypCLeGXxNs\nDwPnNtWvrvInbkTFrMuTErns/JkzbsNnurwRh0o9bvWAGur2+f4l1M8WUUj+TnFU\nQ0BXFuliSRT/dHVM6qasKEUkjqCBYtuR6BubUK5D+ZXsrQyf7SIUQZxOpmuop77x\nVwLg+qlD4W/fgO24fIgcRxWg4H6M8pMUtzqzOSxsH/xhV+JEecWAzYdomaBznh/+\n467ffiwXEkpAbaDkWGKIyDvnEjeNkXR45Grk066avEbq+9BlTbxwSMP6jf+ECB/s\nhX63LJtsMOZoEC/hzGJX87w8mLRSMoXEnNbzyPsAAAEBAPqAcAl9FAKW9uHOjJj7\naBMn+atX9FkJGhrqD4WXPqaTLg3NDAX4+kfIprFT/EYdvf5epDv+ojAdln+raRCE\nPXOuvNwQForAaCl9ho1hsjdL+FVQYHt6GopHJp7+GxJlDUupXEG/pUrgdN3QnPLl\nyjBUQnOiGXpyCDth4jMVo7ck6BBp4VlvfvowN5ynfijmviJAusLOAux9/E+vq3yw\nPv/NP/tvyoCxeYo3lxcizwbqjWbkJrIHnKVvKdS3RtUrBEHp0cmoWFyeLDY1V+8T\n+vlmJ5qXCCnJXF4iIj0TJVxMEyLV8ubJ1OykFB13L7KB/5WaU+nZOOrF2FEDXrKh\nBOkAAAEBAOYs6+g/awb5A6lq/V+ioSKToqdBWrO20a7ZaBTj7knznwUp2LPRK/7U\ngZJSaF3pMGdBzciYFqFoREnKRx3819jI/OGYT6LiM+95m9OQHYR4afHo3LvQB7/N\nSUwIpcBUML5d7bc1RUvSjiVV2v4nu+A3Xg4gZYbAOItFaBXoL3lcuSDq91+DatSR\nbfy/ZSK/HqtIEY+CZ7EdHIFtTHPgoEaD+e9ujDP2VllcwxgVnbReyuh6YhQp9qou\nuPfpOhw+jjZRt2k4zTQMvGG1fSuS48yJNEIUKS2WXMz9cq9Zq092Fp3TtFm1UGri\ncWEpB4DbC2SM/BMIuK0Ob0eg6ehB1ocAAAAAAQID\n-----END OPENSSH PRIVATE KEY-----\n",
            "private_key_pem": "-----BEGIN RSA PRIVATE KEY-----\nMIIJJwIBAAKCAgEA4TtZkvFODkKjJerHYt19VUhGH6s5BbgpYwq4gAsKS0J3rQBg\nQErc8J1ONQy6ZkrR+QYjgvPp8ViA0qA9jdYxBsCEfvvxCa7ktmWlKRxtCopn2cOt\nIXjZrshUqoPgRiJko78n3CT0QKdyci8REZmcwkqf9J3XP7z33ohfoNYMogxBC4tT\nq4MGSrebV7WaUF5LFQ61P5nMNXYxMMIPOG7l7UDcYkvdXFcwL+gZHK7h0KT8DyZE\nZmBbg27dQNBR/aN6B3v53dv8nAczWdX9tMm3wnWySJ2DQq37A02q82h6t6H60lgX\nGkT1Mmlm4PDugjOnU90EdkJ2hVcSz+n3caAusiyDXDsXtYfPwdsvnSX+ApibS/yy\nbDAtoUWKSZ/lo+45tcFKZqfrDKLP6E07RXTvk5dt6Fajqbga0nrE90KAxQgR0zp0\nCBT1/asJywLr4oXqgOnfM5YLyuSYCw8Clz/HL6PpsJRIs5ON3OTWMouoMENCRltH\n/CQ1t+JJNrGsMG2a+vEL2ox7aOu+OQcLJ/oJ+5wZqbLCR4E3R9EcmGi1JPvaRLzB\nYBpLmcn1/UvrdHgvT+ozzlpl4qGFmFQxSNyhWkcrqCtFhIAU64dRkowsdLapQKjH\nTwChbWlVNVc0pb/KKqbPlqFEiHP2VB0UcXikcbqGP2LwsN8lE7VPqTQtXN8CAwEA\nAQKCAgBQ1NvwwGki9QdYNEoaUSMJ2EZSV0C/rLgts0tDqLKpD9GjZN8mM7fXIp1O\nrKK402FH3cwg0yjCVODmtltg693sbmsep4x5zSqHyzLa7jiz77gVjwQzXwvAjmTU\nTT/P68fyfEfx2dFO4slP8VRO3LJFiEKfp4X4efj7BDZNooQmI/+0BOyiQQOhDQPT\nFnmrHiwUApNJoAiJp0FAHmUX+7TI0N5G6LMo0KGaj9FzWc/w8UUEqtchZrNxF/iP\nqjPCs0i4JuYlmS2vUWY8d2/10e8A+vxg0yaoZ4gOR3Fyqaxg+uDpXHPuGZFl5i3l\nzJHMaH1Eu60+Q9wFPpqhw3XqcXJQEudacvkpNWXuQeQuPbqT5cghYwpgSra0yxcv\niIIM8j+jAe02VB+6jJwqD0Y+6LqVjqoOLKQ4UIhl3Fx3RdYdW1aSjxcFo99oxOOt\nYXQ+Cg5kMDsfkCIwQEO7Cc73xWubqX53FIedOiHQ0A4hChs3ubuTCd2+azJzLJeQ\nIIFzNNpEO2mSXjg+Zki/IDoz6+JCrB+RU2uJuqXyuC0lifh6jAwCthCk7rU5YFTq\nFQKrZD+j/Q1NS0L6tIpTu7NaDDCYpMvIUZyz9Xg2VXSpyHQIu7v7QMVWX8gUx763\nM5tD/UxiBjbXEgPE7g+yN2u+/d4CIkfv4tCoFRAKML/QizMSAQKCAQEA+oBwCX0U\nApb24c6MmPtoEyf5q1f0WQkaGuoPhZc+ppMuDc0MBfj6R8imsVP8Rh29/l6kO/6i\nMB2Wf6tpEIQ9c6683BAWisBoKX2GjWGyN0v4VVBge3oaikcmnv4bEmUNS6lcQb+l\nSuB03dCc8uXKMFRCc6IZenIIO2HiMxWjtyToEGnhWW9++jA3nKd+KOa+IkC6ws4C\n7H38T6+rfLA+/80/+2/KgLF5ijeXFyLPBuqNZuQmsgecpW8p1LdG1SsEQenRyahY\nXJ4sNjVX7xP6+WYnmpcIKclcXiIiPRMlXEwTItXy5snU7KQUHXcvsoH/lZpT6dk4\n6sXYUQNesqEE6QKCAQEA5izr6D9rBvkDqWr9X6KhIpOip0Fas7bRrtloFOPuSfOf\nBSnYs9Er/tSBklJoXekwZ0HNyJgWoWhEScpHHfzX2Mj84ZhPouIz73mb05AdhHhp\n8ejcu9AHv81JTAilwFQwvl3ttzVFS9KOJVXa/ie74DdeDiBlhsA4i0VoFegveVy5\nIOr3X4Nq1JFt/L9lIr8eq0gRj4JnsR0cgW1Mc+CgRoP5726MM/ZWWVzDGBWdtF7K\n6HpiFCn2qi649+k6HD6ONlG3aTjNNAy8YbV9K5LjzIk0QhQpLZZczP1yr1mrT3YW\nndO0WbVQauJxYSkHgNsLZIz8Ewi4rQ5vR6Dp6EHWhwKCAQB3fCP0orCUu6Vu97Kg\nleqCmKLCU+W9QlYtWE+nDQlZMwLYmmGNx8C51L+N/d1rJGynlEUKSN7bzIEozH4E\n3s7hCwwSe6oE7NnCUJmJfnwfXCFLsFcVDpzyMBX/6HzJPWImINZcliklmgKkewkh\n4vGaM9auiTdV7GZ4zKu0ajH4/aWjjp1qp4ANnkoocsv+fnFarT1oBhPm8gETkVte\n0kJ6iVBngl85G245u2JaKsRNLDveRB0g9fiGAIwXZoRm0WnqdrkWUzIym0/DW5Zh\n90nTBCMH3dqK8/0W+XkTYLqFV9QY3axK4SKq7Wia1Wru3osmtMIp3O8FLPGNUuos\nkhlhAoIBACikffNAX3GXvqHHln2whatJTksiKxXYjiXFla86n/TG46lRvkXiBVa1\nxztC+dK7PiS9ZcyprjVJ5+TvpqcQ4jwRITXkYwtrzafXXUB6Dfw6Ftr0NyWikfu4\nD90xGbNgKksy4qqa6WV+BENraYO/GFl67UypQ8QLZPCSjNJxcRCI4teBJbTjy5VF\nKJqcYQtFm/C6hP9GE3Eeps3jssAzRZmt7A/vASqbsJuO2ZQDHRmgM0vhcDgHQNrD\n7T05HV2nXg0RWMVnljQ+m3TVSwjKoxaWk3enf63hAvnfNsTnnGwnec7cdtfwQAbf\nfQ2e5QhHpTdX/ZqOy60jA1suep7cITkCggEAcg6TOycMEnxJArl3qGZsHdw+1bFK\nGanfYx8/XKkIt4ZfE2wPA+c21a+u8iduRMWsy5MSuez8mTNuw2e6vBGHSj1u9YAa\n6vb5/iXUzxZRSP5OcVRDQFcW6WJJFP90dUzqpqwoRSSOoIFi25HoG5tQrkP5leyt\nDJ/tIhRBnE6ma6invvFXAuD6qUPhb9+A7bh8iBxHFaDgfozykxS3OrM5LGwf/GFX\n4kR5xYDNh2iZoHOeH/7jrt9+LBcSSkBtoORYYojIO+cSN42RdHjkauTTrpq8Rur7\n0GVNvHBIw/qN/4QIH+yFfrcsm2ww5mgQL+HMYlfzvDyYtFIyhcSc1vPI+w==\n-----END RSA PRIVATE KEY-----\n",
            "private_key_pem_pkcs8": "-----BEGIN PRIVATE KEY-----\nMIIJQQIBADANBgkqhkiG9w0BAQEFAASCCSswggknAgEAAoICAQDhO1mS8U4OQqMl\n6sdi3X1VSEYfqzkFuCljCriACwpLQnetAGBAStzwnU41DLpmStH5BiOC8+nxWIDS\noD2N1jEGwIR++/EJruS2ZaUpHG0KimfZw60heNmuyFSqg+BGImSjvyfcJPRAp3Jy\nLxERmZzCSp/0ndc/vPfeiF+g1gyiDEELi1OrgwZKt5tXtZpQXksVDrU/mcw1djEw\nwg84buXtQNxiS91cVzAv6BkcruHQpPwPJkRmYFuDbt1A0FH9o3oHe/nd2/ycBzNZ\n1f20ybfCdbJInYNCrfsDTarzaHq3ofrSWBcaRPUyaWbg8O6CM6dT3QR2QnaFVxLP\n6fdxoC6yLINcOxe1h8/B2y+dJf4CmJtL/LJsMC2hRYpJn+Wj7jm1wUpmp+sMos/o\nTTtFdO+Tl23oVqOpuBrSesT3QoDFCBHTOnQIFPX9qwnLAuviheqA6d8zlgvK5JgL\nDwKXP8cvo+mwlEizk43c5NYyi6gwQ0JGW0f8JDW34kk2sawwbZr68QvajHto6745\nBwsn+gn7nBmpssJHgTdH0RyYaLUk+9pEvMFgGkuZyfX9S+t0eC9P6jPOWmXioYWY\nVDFI3KFaRyuoK0WEgBTrh1GSjCx0tqlAqMdPAKFtaVU1VzSlv8oqps+WoUSIc/ZU\nHRRxeKRxuoY/YvCw3yUTtU+pNC1c3wIDAQABAoICAFDU2/DAaSL1B1g0ShpRIwnY\nRlJXQL+suC2zS0OosqkP0aNk3yYzt9cinU6sorjTYUfdzCDTKMJU4Oa2W2Dr3exu\nax6njHnNKofLMtruOLPvuBWPBDNfC8COZNRNP8/rx/J8R/HZ0U7iyU/xVE7cskWI\nQp+nhfh5+PsENk2ihCYj/7QE7KJBA6ENA9MWeaseLBQCk0mgCImnQUAeZRf7tMjQ\n3kbosyjQoZqP0XNZz/DxRQSq1yFms3EX+I+qM8KzSLgm5iWZLa9RZjx3b/XR7wD6\n/GDTJqhniA5HcXKprGD64Olcc+4ZkWXmLeXMkcxofUS7rT5D3AU+mqHDdepxclAS\n51py+Sk1Ze5B5C49upPlyCFjCmBKtrTLFy+IggzyP6MB7TZUH7qMnCoPRj7oupWO\nqg4spDhQiGXcXHdF1h1bVpKPFwWj32jE461hdD4KDmQwOx+QIjBAQ7sJzvfFa5up\nfncUh506IdDQDiEKGze5u5MJ3b5rMnMsl5AggXM02kQ7aZJeOD5mSL8gOjPr4kKs\nH5FTa4m6pfK4LSWJ+HqMDAK2EKTutTlgVOoVAqtkP6P9DU1LQvq0ilO7s1oMMJik\ny8hRnLP1eDZVdKnIdAi7u/tAxVZfyBTHvrczm0P9TGIGNtcSA8TuD7I3a7793gIi\nR+/i0KgVEAowv9CLMxIBAoIBAQD6gHAJfRQClvbhzoyY+2gTJ/mrV/RZCRoa6g+F\nlz6mky4NzQwF+PpHyKaxU/xGHb3+XqQ7/qIwHZZ/q2kQhD1zrrzcEBaKwGgpfYaN\nYbI3S/hVUGB7ehqKRyae/hsSZQ1LqVxBv6VK4HTd0Jzy5cowVEJzohl6cgg7YeIz\nFaO3JOgQaeFZb376MDecp34o5r4iQLrCzgLsffxPr6t8sD7/zT/7b8qAsXmKN5cX\nIs8G6o1m5CayB5ylbynUt0bVKwRB6dHJqFhcniw2NVfvE/r5ZiealwgpyVxeIiI9\nEyVcTBMi1fLmydTspBQddy+ygf+VmlPp2TjqxdhRA16yoQTpAoIBAQDmLOvoP2sG\n+QOpav1foqEik6KnQVqzttGu2WgU4+5J858FKdiz0Sv+1IGSUmhd6TBnQc3ImBah\naERJykcd/NfYyPzhmE+i4jPveZvTkB2EeGnx6Ny70Ae/zUlMCKXAVDC+Xe23NUVL\n0o4lVdr+J7vgN14OIGWGwDiLRWgV6C95XLkg6vdfg2rUkW38v2Uivx6rSBGPgmex\nHRyBbUxz4KBGg/nvbowz9lZZXMMYFZ20XsroemIUKfaqLrj36TocPo42UbdpOM00\nDLxhtX0rkuPMiTRCFCktllzM/XKvWatPdhad07RZtVBq4nFhKQeA2wtkjPwTCLit\nDm9HoOnoQdaHAoIBAHd8I/SisJS7pW73sqCV6oKYosJT5b1CVi1YT6cNCVkzAtia\nYY3HwLnUv4393WskbKeURQpI3tvMgSjMfgTezuELDBJ7qgTs2cJQmYl+fB9cIUuw\nVxUOnPIwFf/ofMk9YiYg1lyWKSWaAqR7CSHi8Zoz1q6JN1XsZnjMq7RqMfj9paOO\nnWqngA2eSihyy/5+cVqtPWgGE+byARORW17SQnqJUGeCXzkbbjm7YloqxE0sO95E\nHSD1+IYAjBdmhGbRaep2uRZTMjKbT8NblmH3SdMEIwfd2orz/Rb5eRNguoVX1Bjd\nrErhIqrtaJrVau7eiya0winc7wUs8Y1S6iySGWECggEAKKR980BfcZe+oceWfbCF\nq0lOSyIrFdiOJcWVrzqf9MbjqVG+ReIFVrXHO0L50rs+JL1lzKmuNUnn5O+mpxDi\nPBEhNeRjC2vNp9ddQHoN/DoW2vQ3JaKR+7gP3TEZs2AqSzLiqprpZX4EQ2tpg78Y\nWXrtTKlDxAtk8JKM0nFxEIji14EltOPLlUUompxhC0Wb8LqE/0YTcR6mzeOywDNF\nma3sD+8BKpuwm47ZlAMdGaAzS+FwOAdA2sPtPTkdXadeDRFYxWeWND6bdNVLCMqj\nFpaTd6d/reEC+d82xOecbCd5ztx21/BABt99DZ7lCEelN1f9mo7LrSMDWy56ntwh\nOQKCAQByDpM7JwwSfEkCuXeoZmwd3D7VsUoZqd9jHz9cqQi3hl8TbA8D5zbVr67y\nJ25ExazLkxK57PyZM27DZ7q8EYdKPW71gBrq9vn+JdTPFlFI/k5xVENAVxbpYkkU\n/3R1TOqmrChFJI6ggWLbkegbm1CuQ/mV7K0Mn+0iFEGcTqZrqKe+8VcC4PqpQ+Fv\n34DtuHyIHEcVoOB+jPKTFLc6szksbB/8YVfiRHnFgM2HaJmgc54f/uOu334sFxJK\nQG2g5FhiiMg75xI3jZF0eORq5NOumrxG6vvQZU28cEjD+o3/hAgf7IV+tyybbDDm\naBAv4cxiV/O8PJi0UjKFxJzW88j7\n-----END PRIVATE KEY-----\n",
            "public_key_fingerprint_md5": "2e:60:23:04:77:a6:1e:d9:97:e0:a1:6a:1d:61:69:c0",
            "public_key_fingerprint_sha256": "SHA256:KT3Vj3tEorOB1iAujazz9J44q8cFiatRqoaxcXj9FnI",
            "public_key_openssh": "ssh-rsa AAAAB3NzaC1yc2EAAAADAQABAAACAQDhO1mS8U4OQqMl6sdi3X1VSEYfqzkFuCljCriACwpLQnetAGBAStzwnU41DLpmStH5BiOC8+nxWIDSoD2N1jEGwIR++/EJruS2ZaUpHG0KimfZw60heNmuyFSqg+BGImSjvyfcJPRAp3JyLxERmZzCSp/0ndc/vPfeiF+g1gyiDEELi1OrgwZKt5tXtZpQXksVDrU/mcw1djEwwg84buXtQNxiS91cVzAv6BkcruHQpPwPJkRmYFuDbt1A0FH9o3oHe/nd2/ycBzNZ1f20ybfCdbJInYNCrfsDTarzaHq3ofrSWBcaRPUyaWbg8O6CM6dT3QR2QnaFVxLP6fdxoC6yLINcOxe1h8/B2y+dJf4CmJtL/LJsMC2hRYpJn+Wj7jm1wUpmp+sMos/oTTtFdO+Tl23oVqOpuBrSesT3QoDFCBHTOnQIFPX9qwnLAuviheqA6d8zlgvK5JgLDwKXP8cvo+mwlEizk43c5NYyi6gwQ0JGW0f8JDW34kk2sawwbZr68QvajHto6745Bwsn+gn7nBmpssJHgTdH0RyYaLUk+9pEvMFgGkuZyfX9S+t0eC9P6jPOWmXioYWYVDFI3KFaRyuoK0WEgBTrh1GSjCx0tqlAqMdPAKFtaVU1VzSlv8oqps+WoUSIc/ZUHRRxeKRxuoY/YvCw3yUTtU+pNC1c3w==\n",
            "public_key_pem": "-----BEGIN PUBLIC KEY-----\nMIICIjANBgkqhkiG9w0BAQEFAAOCAg8AMIICCgKCAgEA4TtZkvFODkKjJerHYt19\nVUhGH6s5BbgpYwq4gAsKS0J3rQBgQErc8J1ONQy6ZkrR+QYjgvPp8ViA0qA9jdYx\nBsCEfvvxCa7ktmWlKRxtCopn2cOtIXjZrshUqoPgRiJko78n3CT0QKdyci8REZmc\nwkqf9J3XP7z33ohfoNYMogxBC4tTq4MGSrebV7WaUF5LFQ61P5nMNXYxMMIPOG7l\n7UDcYkvdXFcwL+gZHK7h0KT8DyZEZmBbg27dQNBR/aN6B3v53dv8nAczWdX9tMm3\nwnWySJ2DQq37A02q82h6t6H60lgXGkT1Mmlm4PDugjOnU90EdkJ2hVcSz+n3caAu\nsiyDXDsXtYfPwdsvnSX+ApibS/yybDAtoUWKSZ/lo+45tcFKZqfrDKLP6E07RXTv\nk5dt6Fajqbga0nrE90KAxQgR0zp0CBT1/asJywLr4oXqgOnfM5YLyuSYCw8Clz/H\nL6PpsJRIs5ON3OTWMouoMENCRltH/CQ1t+JJNrGsMG2a+vEL2ox7aOu+OQcLJ/oJ\n+5wZqbLCR4E3R9EcmGi1JPvaRLzBYBpLmcn1/UvrdHgvT+ozzlpl4qGFmFQxSNyh\nWkcrqCtFhIAU64dRkowsdLapQKjHTwChbWlVNVc0pb/KKqbPlqFEiHP2VB0UcXik\ncbqGP2LwsN8lE7VPqTQtXN8CAwEAAQ==\n-----END PUBLIC KEY-----\n",
            "rsa_bits": 4096
          },
          "sensitive_attributes": [
            [
              {
                "type": "get_attr",
                "value": "private_key_pem_pkcs8"
              }
            ],
            [
              {
                "type": "get_attr",
                "value": "private_key_openssh"
              }
            ],
            [
              {
                "type": "get_attr",
                "value": "private_key_pem"
              }
            ]
          ]
        }
      ]
    }
  ],
  "check_results": [
    {
      "object_kind": "var",
      "config_addr": "var.os_type",
      "status": "pass",
      "objects": [
        {
          "object_addr": "var.os_type",
          "status": "pass"
        }
      ]
    }
  ]
}
